
Microsoft Visual Studio Solution File, Format Version 12.00
# Visual Studio Version 17
VisualStudioVersion = 17.1.32319.34
MinimumVisualStudioVersion = 10.0.40219.1
Project("{9A19103F-16F7-4668-BE54-9A1E7A4F7556}") = "CSharpClasses", "CSharpClasses\CSharpClasses.csproj", "{0B0ECB89-87FF-45B2-8270-6A76A28F76DA}"
EndProject
Project("{9A19103F-16F7-4668-BE54-9A1E7A4F7556}") = "OtherAssembly", "OtherAssembly\OtherAssembly.csproj", "{5E8EFA30-0271-4DCF-A190-999573F81F3D}"
EndProject
Project("{9A19103F-16F7-4668-BE54-9A1E7A4F7556}") = "OtherAssembly2", "OtherAssembly2\OtherAssembly2.csproj", "{D9D2794A-601D-49BA-8D59-F61F29B0F9C7}"
EndProject
Project("{FAE04EC0-301F-11D3-BF4B-00C04F79EFBC}") = "LinqTutorial", "LinqTutorial\LinqTutorial.csproj", "{EC915895-7E7F-4323-A5DC-B714B0A40F0C}"
EndProject
Global
	GlobalSection(SolutionConfigurationPlatforms) = preSolution
		Debug|Any CPU = Debug|Any CPU
		Release|Any CPU = Release|Any CPU
	EndGlobalSection
	GlobalSection(ProjectConfigurationPlatforms) = postSolution
		{0B0ECB89-87FF-45B2-8270-6A76A28F76DA}.Debug|Any CPU.ActiveCfg = Debug|Any CPU
		{0B0ECB89-87FF-45B2-8270-6A76A28F76DA}.Debug|Any CPU.Build.0 = Debug|Any CPU
		{0B0ECB89-87FF-45B2-8270-6A76A28F76DA}.Release|Any CPU.ActiveCfg = Release|Any CPU
		{0B0ECB89-87FF-45B2-8270-6A76A28F76DA}.Release|Any CPU.Build.0 = Release|Any CPU
		{5E8EFA30-0271-4DCF-A190-999573F81F3D}.Debug|Any CPU.ActiveCfg = Debug|Any CPU
		{5E8EFA30-0271-4DCF-A190-999573F81F3D}.Debug|Any CPU.Build.0 = Debug|Any CPU
		{5E8EFA30-0271-4DCF-A190-999573F81F3D}.Release|Any CPU.ActiveCfg = Release|Any CPU
		{5E8EFA30-0271-4DCF-A190-999573F81F3D}.Release|Any CPU.Build.0 = Release|Any CPU
		{D9D2794A-601D-49BA-8D59-F61F29B0F9C7}.Debug|Any CPU.ActiveCfg = Debug|Any CPU
		{D9D2794A-601D-49BA-8D59-F61F29B0F9C7}.Debug|Any CPU.Build.0 = Debug|Any CPU
		{D9D2794A-601D-49BA-8D59-F61F29B0F9C7}.Release|Any CPU.ActiveCfg = Release|Any CPU
		{D9D2794A-601D-49BA-8D59-F61F29B0F9C7}.Release|Any CPU.Build.0 = Release|Any CPU
		{EC915895-7E7F-4323-A5DC-B714B0A40F0C}.Debug|Any CPU.ActiveCfg = Debug|Any CPU
		{EC915895-7E7F-4323-A5DC-B714B0A40F0C}.Debug|Any CPU.Build.0 = Debug|Any CPU
		{EC915895-7E7F-4323-A5DC-B714B0A40F0C}.Release|Any CPU.ActiveCfg = Release|Any CPU
		{EC915895-7E7F-4323-A5DC-B714B0A40F0C}.Release|Any CPU.Build.0 = Release|Any CPU
	EndGlobalSection
	GlobalSection(SolutionProperties) = preSolution
		HideSolutionNode = FALSE
	EndGlobalSection
	GlobalSection(ExtensibilityGlobals) = postSolution
		SolutionGuid = {E139FF98-1D0D-49EC-94FF-124C4C8868D6}
	EndGlobalSection
EndGlobal
